
Microsoft Visual Studio Solution File, Format Version 12.00
# Visual Studio Version 17
VisualStudioVersion = 17.0.32014.148
MinimumVisualStudioVersion = 10.0.40219.1
Project("{9A19103F-16F7-4668-BE54-9A1E7A4F7556}") = "RestaurantTemplate", "RestaurantTemplate\RestaurantTemplate.csproj", "{605EDF5A-A4FA-41A4-9546-8DC90B86125C}"
	ProjectSection(ProjectDependencies) = postProject
		{759C9DC9-8CA7-4D37-A15D-6842BD2ABD61} = {759C9DC9-8CA7-4D37-A15D-6842BD2ABD61}
	EndProjectSection
EndProject
Project("{FAE04EC0-301F-11D3-BF4B-00C04F79EFBC}") = "RestaurantTemplate.DataAccessLayer", "RestaurantTemplate.DataAccessLayer\RestaurantTemplate.DataAccessLayer.csproj", "{759C9DC9-8CA7-4D37-A15D-6842BD2ABD61}"
EndProject
Global
	GlobalSection(SolutionConfigurationPlatforms) = preSolution
		Debug|Any CPU = Debug|Any CPU
		Release|Any CPU = Release|Any CPU
	EndGlobalSection
	GlobalSection(ProjectConfigurationPlatforms) = postSolution
		{605EDF5A-A4FA-41A4-9546-8DC90B86125C}.Debug|Any CPU.ActiveCfg = Debug|Any CPU
		{605EDF5A-A4FA-41A4-9546-8DC90B86125C}.Debug|Any CPU.Build.0 = Debug|Any CPU
		{605EDF5A-A4FA-41A4-9546-8DC90B86125C}.Release|Any CPU.ActiveCfg = Release|Any CPU
		{605EDF5A-A4FA-41A4-9546-8DC90B86125C}.Release|Any CPU.Build.0 = Release|Any CPU
		{759C9DC9-8CA7-4D37-A15D-6842BD2ABD61}.Debug|Any CPU.ActiveCfg = Debug|Any CPU
		{759C9DC9-8CA7-4D37-A15D-6842BD2ABD61}.Debug|Any CPU.Build.0 = Debug|Any CPU
		{759C9DC9-8CA7-4D37-A15D-6842BD2ABD61}.Release|Any CPU.ActiveCfg = Release|Any CPU
		{759C9DC9-8CA7-4D37-A15D-6842BD2ABD61}.Release|Any CPU.Build.0 = Release|Any CPU
	EndGlobalSection
	GlobalSection(SolutionProperties) = preSolution
		HideSolutionNode = FALSE
	EndGlobalSection
	GlobalSection(ExtensibilityGlobals) = postSolution
		SolutionGuid = {910E5585-965C-4973-A8AD-1A37E4B1364B}
	EndGlobalSection
EndGlobal
